
Microsoft Visual Studio Solution File, Format Version 12.00
# Visual Studio 15
VisualStudioVersion = 15.0.27004.2010
MinimumVisualStudioVersion = 10.0.40219.1
Project("{FAE04EC0-301F-11D3-BF4B-00C04F79EFBC}") = "MyWebAPI", "MyWebAPI\MyWebAPI.csproj", "{AC838822-FF27-4ACA-96D3-4D0490195FF6}"
EndProject
Global
	GlobalSection(SolutionConfigurationPlatforms) = preSolution
		Debug|Any CPU = Debug|Any CPU
		Release|Any CPU = Release|Any CPU
	EndGlobalSection
	GlobalSection(ProjectConfigurationPlatforms) = postSolution
		{AC838822-FF27-4ACA-96D3-4D0490195FF6}.Debug|Any CPU.ActiveCfg = Debug|Any CPU
		{AC838822-FF27-4ACA-96D3-4D0490195FF6}.Debug|Any CPU.Build.0 = Debug|Any CPU
		{AC838822-FF27-4ACA-96D3-4D0490195FF6}.Release|Any CPU.ActiveCfg = Release|Any CPU
		{AC838822-FF27-4ACA-96D3-4D0490195FF6}.Release|Any CPU.Build.0 = Release|Any CPU
	EndGlobalSection
	GlobalSection(SolutionProperties) = preSolution
		HideSolutionNode = FALSE
	EndGlobalSection
	GlobalSection(ExtensibilityGlobals) = postSolution
		SolutionGuid = {F4DF9193-88B9-43E1-948F-366A3F736844}
	EndGlobalSection
EndGlobal
