
Microsoft Visual Studio Solution File, Format Version 12.00
# Visual Studio 15
VisualStudioVersion = 15.0.27004.2010
MinimumVisualStudioVersion = 10.0.40219.1
Project("{FAE04EC0-301F-11D3-BF4B-00C04F79EFBC}") = "Palindromo", "Palindromo\Palindromo.csproj", "{E328E481-7B95-4A0A-84C9-A56B754D0D10}"
EndProject
Global
	GlobalSection(SolutionConfigurationPlatforms) = preSolution
		Debug|Any CPU = Debug|Any CPU
		Release|Any CPU = Release|Any CPU
	EndGlobalSection
	GlobalSection(ProjectConfigurationPlatforms) = postSolution
		{E328E481-7B95-4A0A-84C9-A56B754D0D10}.Debug|Any CPU.ActiveCfg = Debug|Any CPU
		{E328E481-7B95-4A0A-84C9-A56B754D0D10}.Debug|Any CPU.Build.0 = Debug|Any CPU
		{E328E481-7B95-4A0A-84C9-A56B754D0D10}.Release|Any CPU.ActiveCfg = Release|Any CPU
		{E328E481-7B95-4A0A-84C9-A56B754D0D10}.Release|Any CPU.Build.0 = Release|Any CPU
	EndGlobalSection
	GlobalSection(SolutionProperties) = preSolution
		HideSolutionNode = FALSE
	EndGlobalSection
	GlobalSection(ExtensibilityGlobals) = postSolution
		SolutionGuid = {04DAB2ED-D63B-4343-9E43-574FF4BB94D0}
	EndGlobalSection
EndGlobal
