
Microsoft Visual Studio Solution File, Format Version 12.00
# Visual Studio 15
VisualStudioVersion = 15.0.27004.2010
MinimumVisualStudioVersion = 10.0.40219.1
Project("{FAE04EC0-301F-11D3-BF4B-00C04F79EFBC}") = "Softtek.Academy2018.Demo.Domain", "Softtek.Academy.2018.Demo.Domain\Softtek.Academy2018.Demo.Domain.csproj", "{FEC5D15B-1EE5-47E9-938B-438590D244B7}"
EndProject
Project("{FAE04EC0-301F-11D3-BF4B-00C04F79EFBC}") = "Softtek.Academy2018.Demo.Data", "Softtek.Academy2018.Demo.Domain.Data\Softtek.Academy2018.Demo.Data.csproj", "{41407250-0CA5-48D1-9ECD-2285E77EFC5C}"
EndProject
Project("{FAE04EC0-301F-11D3-BF4B-00C04F79EFBC}") = "Softtek.Academy2018.Demo.Business", "Softtek.Academy2018.Demo.Domain.Business\Softtek.Academy2018.Demo.Business.csproj", "{66AED118-6AAA-459A-A8F1-BD215C800234}"
EndProject
Project("{FAE04EC0-301F-11D3-BF4B-00C04F79EFBC}") = "Sofftek.Academy2018.Demo.BusinessTest", "Sofftek.Academy2018.Demo.BusinessTest\Sofftek.Academy2018.Demo.BusinessTest.csproj", "{0AF3AE7C-39D6-4632-999C-14084E6EF9D9}"
EndProject
Project("{FAE04EC0-301F-11D3-BF4B-00C04F79EFBC}") = "Softtek.Academy2018.Demo.Console", "Softtek.Academy2018.Demo.Console\Softtek.Academy2018.Demo.Console.csproj", "{326E27C0-1EBB-492F-952B-C9BAC0F6B996}"
EndProject
Global
	GlobalSection(SolutionConfigurationPlatforms) = preSolution
		Debug|Any CPU = Debug|Any CPU
		Release|Any CPU = Release|Any CPU
	EndGlobalSection
	GlobalSection(ProjectConfigurationPlatforms) = postSolution
		{FEC5D15B-1EE5-47E9-938B-438590D244B7}.Debug|Any CPU.ActiveCfg = Debug|Any CPU
		{FEC5D15B-1EE5-47E9-938B-438590D244B7}.Debug|Any CPU.Build.0 = Debug|Any CPU
		{FEC5D15B-1EE5-47E9-938B-438590D244B7}.Release|Any CPU.ActiveCfg = Release|Any CPU
		{FEC5D15B-1EE5-47E9-938B-438590D244B7}.Release|Any CPU.Build.0 = Release|Any CPU
		{41407250-0CA5-48D1-9ECD-2285E77EFC5C}.Debug|Any CPU.ActiveCfg = Debug|Any CPU
		{41407250-0CA5-48D1-9ECD-2285E77EFC5C}.Debug|Any CPU.Build.0 = Debug|Any CPU
		{41407250-0CA5-48D1-9ECD-2285E77EFC5C}.Release|Any CPU.ActiveCfg = Release|Any CPU
		{41407250-0CA5-48D1-9ECD-2285E77EFC5C}.Release|Any CPU.Build.0 = Release|Any CPU
		{66AED118-6AAA-459A-A8F1-BD215C800234}.Debug|Any CPU.ActiveCfg = Debug|Any CPU
		{66AED118-6AAA-459A-A8F1-BD215C800234}.Debug|Any CPU.Build.0 = Debug|Any CPU
		{66AED118-6AAA-459A-A8F1-BD215C800234}.Release|Any CPU.ActiveCfg = Release|Any CPU
		{66AED118-6AAA-459A-A8F1-BD215C800234}.Release|Any CPU.Build.0 = Release|Any CPU
		{0AF3AE7C-39D6-4632-999C-14084E6EF9D9}.Debug|Any CPU.ActiveCfg = Debug|Any CPU
		{0AF3AE7C-39D6-4632-999C-14084E6EF9D9}.Debug|Any CPU.Build.0 = Debug|Any CPU
		{0AF3AE7C-39D6-4632-999C-14084E6EF9D9}.Release|Any CPU.ActiveCfg = Release|Any CPU
		{0AF3AE7C-39D6-4632-999C-14084E6EF9D9}.Release|Any CPU.Build.0 = Release|Any CPU
		{326E27C0-1EBB-492F-952B-C9BAC0F6B996}.Debug|Any CPU.ActiveCfg = Debug|Any CPU
		{326E27C0-1EBB-492F-952B-C9BAC0F6B996}.Debug|Any CPU.Build.0 = Debug|Any CPU
		{326E27C0-1EBB-492F-952B-C9BAC0F6B996}.Release|Any CPU.ActiveCfg = Release|Any CPU
		{326E27C0-1EBB-492F-952B-C9BAC0F6B996}.Release|Any CPU.Build.0 = Release|Any CPU
	EndGlobalSection
	GlobalSection(SolutionProperties) = preSolution
		HideSolutionNode = FALSE
	EndGlobalSection
	GlobalSection(ExtensibilityGlobals) = postSolution
		SolutionGuid = {692054E0-5A3B-4F46-922C-E87CBFF6314A}
	EndGlobalSection
EndGlobal
