
Microsoft Visual Studio Solution File, Format Version 12.00
# Visual Studio 15
VisualStudioVersion = 15.0.27004.2010
MinimumVisualStudioVersion = 10.0.40219.1
Project("{FAE04EC0-301F-11D3-BF4B-00C04F79EFBC}") = "Directorio", "Directorio\Directorio.csproj", "{C69B38C9-7D3E-4C27-BEF7-B8FA2BE0A51E}"
EndProject
Project("{FAE04EC0-301F-11D3-BF4B-00C04F79EFBC}") = "Libreriadeclases", "ClassLibrary1\Libreriadeclases.csproj", "{B8293030-3F1A-4419-956E-AC4E9B15AE3B}"
EndProject
Global
	GlobalSection(SolutionConfigurationPlatforms) = preSolution
		Debug|Any CPU = Debug|Any CPU
		Release|Any CPU = Release|Any CPU
	EndGlobalSection
	GlobalSection(ProjectConfigurationPlatforms) = postSolution
		{C69B38C9-7D3E-4C27-BEF7-B8FA2BE0A51E}.Debug|Any CPU.ActiveCfg = Debug|Any CPU
		{C69B38C9-7D3E-4C27-BEF7-B8FA2BE0A51E}.Debug|Any CPU.Build.0 = Debug|Any CPU
		{C69B38C9-7D3E-4C27-BEF7-B8FA2BE0A51E}.Release|Any CPU.ActiveCfg = Release|Any CPU
		{C69B38C9-7D3E-4C27-BEF7-B8FA2BE0A51E}.Release|Any CPU.Build.0 = Release|Any CPU
		{B8293030-3F1A-4419-956E-AC4E9B15AE3B}.Debug|Any CPU.ActiveCfg = Debug|Any CPU
		{B8293030-3F1A-4419-956E-AC4E9B15AE3B}.Debug|Any CPU.Build.0 = Debug|Any CPU
		{B8293030-3F1A-4419-956E-AC4E9B15AE3B}.Release|Any CPU.ActiveCfg = Release|Any CPU
		{B8293030-3F1A-4419-956E-AC4E9B15AE3B}.Release|Any CPU.Build.0 = Release|Any CPU
	EndGlobalSection
	GlobalSection(SolutionProperties) = preSolution
		HideSolutionNode = FALSE
	EndGlobalSection
	GlobalSection(ExtensibilityGlobals) = postSolution
		SolutionGuid = {6AD54AA7-C7E0-461F-B2CA-630482FFBDCA}
	EndGlobalSection
EndGlobal
