
Microsoft Visual Studio Solution File, Format Version 12.00
# Visual Studio 15
VisualStudioVersion = 15.0.27004.2010
MinimumVisualStudioVersion = 10.0.40219.1
Project("{9A19103F-16F7-4668-BE54-9A1E7A4F7556}") = "ProyectoEmpleados", "ProyectoEmpleados\ProyectoEmpleados.csproj", "{3C1EA76A-F604-4448-97C1-3BE84E06968A}"
EndProject
Project("{9A19103F-16F7-4668-BE54-9A1E7A4F7556}") = "Libreriadeclases", "Libreriadeclases\Libreriadeclases.csproj", "{358ED336-99F4-4B3F-84EE-881510367A5A}"
EndProject
Project("{FAE04EC0-301F-11D3-BF4B-00C04F79EFBC}") = "UnitTest", "UnitTestAgregar\UnitTest.csproj", "{0EC34CFD-FD8B-470A-AFDE-52B04D49E8C8}"
EndProject
Global
	GlobalSection(SolutionConfigurationPlatforms) = preSolution
		Debug|Any CPU = Debug|Any CPU
		Release|Any CPU = Release|Any CPU
	EndGlobalSection
	GlobalSection(ProjectConfigurationPlatforms) = postSolution
		{3C1EA76A-F604-4448-97C1-3BE84E06968A}.Debug|Any CPU.ActiveCfg = Debug|Any CPU
		{3C1EA76A-F604-4448-97C1-3BE84E06968A}.Debug|Any CPU.Build.0 = Debug|Any CPU
		{3C1EA76A-F604-4448-97C1-3BE84E06968A}.Release|Any CPU.ActiveCfg = Release|Any CPU
		{3C1EA76A-F604-4448-97C1-3BE84E06968A}.Release|Any CPU.Build.0 = Release|Any CPU
		{358ED336-99F4-4B3F-84EE-881510367A5A}.Debug|Any CPU.ActiveCfg = Debug|Any CPU
		{358ED336-99F4-4B3F-84EE-881510367A5A}.Debug|Any CPU.Build.0 = Debug|Any CPU
		{358ED336-99F4-4B3F-84EE-881510367A5A}.Release|Any CPU.ActiveCfg = Release|Any CPU
		{358ED336-99F4-4B3F-84EE-881510367A5A}.Release|Any CPU.Build.0 = Release|Any CPU
		{0EC34CFD-FD8B-470A-AFDE-52B04D49E8C8}.Debug|Any CPU.ActiveCfg = Debug|Any CPU
		{0EC34CFD-FD8B-470A-AFDE-52B04D49E8C8}.Debug|Any CPU.Build.0 = Debug|Any CPU
		{0EC34CFD-FD8B-470A-AFDE-52B04D49E8C8}.Release|Any CPU.ActiveCfg = Release|Any CPU
		{0EC34CFD-FD8B-470A-AFDE-52B04D49E8C8}.Release|Any CPU.Build.0 = Release|Any CPU
	EndGlobalSection
	GlobalSection(SolutionProperties) = preSolution
		HideSolutionNode = FALSE
	EndGlobalSection
	GlobalSection(ExtensibilityGlobals) = postSolution
		SolutionGuid = {8B6DB283-EEC1-4A8A-B4E2-2D4A5546E7EE}
	EndGlobalSection
EndGlobal
